
Microsoft Visual Studio Solution File, Format Version 12.00
# Visual Studio Version 17
VisualStudioVersion = 17.9.34607.119
MinimumVisualStudioVersion = 10.0.40219.1
Project("{FAE04EC0-301F-11D3-BF4B-00C04F79EFBC}") = "PdfReader", "PdfReader.csproj", "{B0F9468B-84C7-4F95-B799-FFCF652EB41B}"
EndProject
Global
	GlobalSection(SolutionConfigurationPlatforms) = preSolution
		Debug|Any CPU = Debug|Any CPU
		Release|Any CPU = Release|Any CPU
	EndGlobalSection
	GlobalSection(ProjectConfigurationPlatforms) = postSolution
		{B0F9468B-84C7-4F95-B799-FFCF652EB41B}.Debug|Any CPU.ActiveCfg = Debug|Any CPU
		{B0F9468B-84C7-4F95-B799-FFCF652EB41B}.Debug|Any CPU.Build.0 = Debug|Any CPU
		{B0F9468B-84C7-4F95-B799-FFCF652EB41B}.Release|Any CPU.ActiveCfg = Release|Any CPU
		{B0F9468B-84C7-4F95-B799-FFCF652EB41B}.Release|Any CPU.Build.0 = Release|Any CPU
	EndGlobalSection
	GlobalSection(SolutionProperties) = preSolution
		HideSolutionNode = FALSE
	EndGlobalSection
	GlobalSection(ExtensibilityGlobals) = postSolution
		SolutionGuid = {05EF5E2C-7C82-47B1-A2BB-428684F932F7}
	EndGlobalSection
EndGlobal
